# THIS IS AN AUTOGENERATED FILE. DO NOT EDIT THIS FILE DIRECTLY.
# yarn lockfile v1


"@amap/amap-jsapi-loader@^1.0.1":
  version "1.0.1"
  resolved "https://registry.yarnpkg.com/@amap/amap-jsapi-loader/-/amap-jsapi-loader-1.0.1.tgz#9ec4b4d5d2467eac451f6c852e35db69e9f9f0c0"
  integrity sha512-nPyLKt7Ow/ThHLkSvn2etQlUzqxmTVgK7bIgwdBRTg2HK5668oN7xVxkaiRe3YZEzGzfV2XgH5Jmu2T73ljejw==

"@antv/adjust@^0.2.1":
  version "0.2.5"
  resolved "https://registry.npmmirror.com/@antv/adjust/-/adjust-0.2.5.tgz#bb37bb4a0a87ca3f4b660848bc9ac07f02bcf5db"
  integrity sha512-MfWZOkD9CqXRES6MBGRNe27Q577a72EIwyMnE29wIlPliFvJfWwsrONddpGU7lilMpVKecS3WAzOoip3RfPTRQ==
  dependencies:
    "@antv/util" "~2.0.0"
    tslib "^1.10.0"

"@antv/async-hook@^2.2.9":
  version "2.2.9"
  resolved "https://registry.yarnpkg.com/@antv/async-hook/-/async-hook-2.2.9.tgz#4664c53d8a6af8107e7c07d6b1398572d54d3ffb"
  integrity sha512-4BUp2ZUaTi2fYL67Ltkf6eV912rYJeSBokGhd5fhhnpUkMA1LEI1mg97Pqmx3yC50VEQ+LKXZxj9ePZs80ECfw==
  dependencies:
    async "^3.1.1"

"@antv/attr@^0.3.1":
  version "0.3.5"
  resolved "https://registry.npmmirror.com/@antv/attr/-/attr-0.3.5.tgz#0708c74fed5ad6ee03ad1e2913099ed8248f7ebf"
  integrity sha512-wuj2gUo6C8Q2ASSMrVBuTcb5LcV+Tc0Egiy6bC42D0vxcQ+ta13CLxgMmHz8mjD0FxTPJDXSciyszRSC5TdLsg==
  dependencies:
    "@antv/color-util" "^2.0.1"
    "@antv/scale" "^0.3.0"
    "@antv/util" "~2.0.0"
    tslib "^2.3.1"

"@antv/color-util@^2.0.1", "@antv/color-util@^2.0.2", "@antv/color-util@^2.0.3":
  version "2.0.6"
  resolved "https://registry.npmmirror.com/@antv/color-util/-/color-util-2.0.6.tgz#5e129bb9ce3f2b9309b52102b3dc929430ccc016"
  integrity sha512-KnPEaAH+XNJMjax9U35W67nzPI+QQ2x27pYlzmSIWrbj4/k8PGrARXfzDTjwoozHJY8qG62Z+Ww6Alhu2FctXQ==
  dependencies:
    "@antv/util" "^2.0.9"
    tslib "^2.0.3"

"@antv/component@^0.8.27":
  version "0.8.33"
  resolved "https://registry.npmmirror.com/@antv/component/-/component-0.8.33.tgz#92522a714eb1c9137f1e8ad0d73826cdb55f1303"
  integrity sha512-49/sTnlnhOpd+cMyxFz9CNcALRo50sj0FSZt6g4hFSNTg1gmvOEDwcPEBEft+hM0RGnryanJpYNvW5lMfm/Skg==
  dependencies:
    "@antv/color-util" "^2.0.3"
    "@antv/dom-util" "~2.0.1"
    "@antv/g-base" "^0.5.9"
    "@antv/matrix-util" "^3.1.0-beta.1"
    "@antv/path-util" "~2.0.7"
    "@antv/scale" "~0.3.1"
    "@antv/util" "~2.0.0"
    fecha "~4.2.0"
    tslib "^2.0.3"

"@antv/coord@^0.3.0":
  version "0.3.1"
  resolved "https://registry.npmmirror.com/@antv/coord/-/coord-0.3.1.tgz#982e261d8a1e06a198eb518ea7acc20ed875a019"
  integrity sha512-rFE94C8Xzbx4xmZnHh2AnlB3Qm1n5x0VT3OROy257IH6Rm4cuzv1+tZaUBATviwZd99S+rOY9telw/+6C9GbRw==
  dependencies:
    "@antv/matrix-util" "^3.1.0-beta.2"
    "@antv/util" "~2.0.12"
    tslib "^2.1.0"

"@antv/dom-util@^2.0.2", "@antv/dom-util@~2.0.1":
  version "2.0.4"
  resolved "https://registry.npmmirror.com/@antv/dom-util/-/dom-util-2.0.4.tgz#b09b56c56fec42896fc856edad56b595b47ab514"
  integrity sha512-2shXUl504fKwt82T3GkuT4Uoc6p9qjCKnJ8gXGLSW4T1W37dqf9AV28aCfoVPHp2BUXpSsB+PAJX2rG/jLHsLQ==
  dependencies:
    tslib "^2.0.3"

"@antv/event-emitter@^0.1.1", "@antv/event-emitter@~0.1.0":
  version "0.1.3"
  resolved "https://registry.npmmirror.com/@antv/event-emitter/-/event-emitter-0.1.3.tgz#3e06323b9dcd55a3241ddc7c5458cfabd2095164"
  integrity sha512-4ddpsiHN9Pd4UIlWuKVK1C4IiZIdbwQvy9i7DUSI3xNJ89FPUFt8lxDYj8GzzfdllV0NkJTRxnG+FvLk0llidg==

"@antv/g-base@^0.5.12", "@antv/g-base@^0.5.9", "@antv/g-base@~0.5.6":
  version "0.5.15"
  resolved "https://registry.npmmirror.com/@antv/g-base/-/g-base-0.5.15.tgz#4d4174c956ba652a4b55c4f6a2c28aaa92e7738d"
  integrity sha512-QOtq50QpnKez9J75/Z8j2yZ7QDQdk8R8mVQJiHtaEO5eI7DM4ZbrsWff/Ew26JYmPWdq7nbRuARMAD4PX9uuLA==
  dependencies:
    "@antv/event-emitter" "^0.1.1"
    "@antv/g-math" "^0.1.9"
    "@antv/matrix-util" "^3.1.0-beta.1"
    "@antv/path-util" "~2.0.5"
    "@antv/util" "~2.0.13"
    "@types/d3-timer" "^2.0.0"
    d3-ease "^1.0.5"
    d3-interpolate "^3.0.1"
    d3-timer "^1.0.9"
    detect-browser "^5.1.0"
    tslib "^2.0.3"

"@antv/g-canvas@~0.5.10":
  version "0.5.14"
  resolved "https://registry.npmmirror.com/@antv/g-canvas/-/g-canvas-0.5.14.tgz#099668cb65d9c89dc2fc1000313c18298dcf8a13"
  integrity sha512-IUGLEMIMAUYgaBMT8h3FTmYQYz7sjQkKWwh6Psqx+UPK86fySa+G8fMRrh1EqAL07jVB+GRnn6Ym+3FoFUgeFg==
  dependencies:
    "@antv/g-base" "^0.5.12"
    "@antv/g-math" "^0.1.9"
    "@antv/matrix-util" "^3.1.0-beta.1"
    "@antv/path-util" "~2.0.5"
    "@antv/util" "~2.0.0"
    gl-matrix "^3.0.0"
    tslib "^2.0.3"

"@antv/g-math@^0.1.9":
  version "0.1.9"
  resolved "https://registry.npmmirror.com/@antv/g-math/-/g-math-0.1.9.tgz#1f981b9aebf5c024f284389aa3e5cba8cefa1f28"
  integrity sha512-KHMSfPfZ5XHM1PZnG42Q2gxXfOitYveNTA7L61lR6mhZ8Y/aExsYmHqaKBsSarU0z+6WLrl9C07PQJZaw0uljQ==
  dependencies:
    "@antv/util" "~2.0.0"
    gl-matrix "^3.0.0"

"@antv/g-svg@~0.5.6":
  version "0.5.7"
  resolved "https://registry.npmmirror.com/@antv/g-svg/-/g-svg-0.5.7.tgz#d63db5f8590a5f3ceab097c183ec80ed143f0a50"
  integrity sha512-jUbWoPgr4YNsOat2Y/rGAouNQYGpw4R0cvlN0YafwOyacFFYy2zC8RslNd6KkPhhR3XHNSqJOuCYZj/YmLUwYw==
  dependencies:
    "@antv/g-base" "^0.5.12"
    "@antv/g-math" "^0.1.9"
    "@antv/util" "~2.0.0"
    detect-browser "^5.0.0"
    tslib "^2.0.3"

"@antv/g2@^4.2.10":
  version "4.2.10"
  resolved "https://registry.npmmirror.com/@antv/g2/-/g2-4.2.10.tgz#9448082e7610eb8d16bdf7c97c2ce4f275bafdf9"
  integrity sha512-/ZlJ/DFJBCvtEQgE6roxdd6sBml0fZ8ZVfzG+HdjGpA7/ceURb8XkxUcqa0E8NV+e4sFijnaAhBCdUm2whiuyA==
  dependencies:
    "@antv/adjust" "^0.2.1"
    "@antv/attr" "^0.3.1"
    "@antv/color-util" "^2.0.2"
    "@antv/component" "^0.8.27"
    "@antv/coord" "^0.3.0"
    "@antv/dom-util" "^2.0.2"
    "@antv/event-emitter" "~0.1.0"
    "@antv/g-base" "~0.5.6"
    "@antv/g-canvas" "~0.5.10"
    "@antv/g-svg" "~0.5.6"
    "@antv/matrix-util" "^3.1.0-beta.3"
    "@antv/path-util" "^2.0.15"
    "@antv/scale" "^0.3.14"
    "@antv/util" "~2.0.5"
    tslib "^2.0.0"

"@antv/l7-component@2.15.3":
  version "2.15.3"
  resolved "https://registry.yarnpkg.com/@antv/l7-component/-/l7-component-2.15.3.tgz#b6e1e61564f4be00824073d1b2c9767a25a1d6d1"
  integrity sha512-fCec1yz1dfjN6+MJUm/o0Eb3iQFKEdJOSW8hAtRzGomiB/IWhyRq5ftzT43KT9/1DzvC7WhInqokdjRGVZDczw==
  dependencies:
    "@antv/l7-core" "2.15.3"
    "@antv/l7-utils" "2.15.3"
    "@babel/runtime" "^7.7.7"
    eventemitter3 "^4.0.0"
    inversify "^5.0.1"
    lodash "^4.17.15"
    reflect-metadata "^0.1.13"
    supercluster "^7.0.0"

"@antv/l7-core@2.15.3":
  version "2.15.3"
  resolved "https://registry.yarnpkg.com/@antv/l7-core/-/l7-core-2.15.3.tgz#68419b459636457db6e3d3f8e20f1655e0bba931"
  integrity sha512-ij3EUIShVJgUcD6zootxcsqIBAvtjU0IqAcwXPE+r9mGhFjfeeUd79VqqtQZA6E/MEKYPs9nDaBRZ9a+V1cipg==
  dependencies:
    "@antv/async-hook" "^2.2.9"
    "@antv/l7-utils" "2.15.3"
    "@babel/runtime" "^7.7.7"
    "@turf/helpers" "^6.1.4"
    ajv "^6.10.2"
    element-resize-event "^3.0.3"
    eventemitter3 "^4.0.0"
    gl-matrix "^3.1.0"
    inversify "^5.0.1"
    inversify-inject-decorators "^3.1.0"
    l7-tiny-sdf "^0.0.4"
    l7hammerjs "^0.0.7"
    lodash "^4.17.15"
    reflect-metadata "^0.1.13"
    viewport-mercator-project "^6.2.1"

"@antv/l7-layers@2.15.3":
  version "2.15.3"
  resolved "https://registry.yarnpkg.com/@antv/l7-layers/-/l7-layers-2.15.3.tgz#542a1705bf59a26c86084622e42373a149bdd27d"
  integrity sha512-gn6Kkbig7XX/5Lncrxf/1p143koHRJ28QluyAlDUZCj6A2gEvzKNqFDTrh/qe1mJk8julDMAeLFOzKthjytz7A==
  dependencies:
    "@antv/async-hook" "^2.2.9"
    "@antv/l7-core" "2.15.3"
    "@antv/l7-maps" "2.15.3"
    "@antv/l7-source" "2.15.3"
    "@antv/l7-utils" "2.15.3"
    "@babel/runtime" "^7.7.7"
    "@mapbox/martini" "^0.2.0"
    "@turf/clone" "^6.5.0"
    "@turf/helpers" "^6.1.4"
    "@turf/meta" "^6.0.2"
    "@turf/polygon-to-line" "^6.5.0"
    "@turf/union" "^6.5.0"
    d3-array "1"
    d3-color "^1.4.0"
    d3-interpolate "1.4.0"
    d3-scale "2"
    earcut "^2.2.1"
    eventemitter3 "^4.0.0"
    extrude-polyline "^1.0.6"
    gl-matrix "^3.1.0"
    gl-vec2 "^1.3.0"
    inversify "^5.0.1"
    lodash "^4.17.15"
    polyline-miter-util "^1.0.1"
    reflect-metadata "^0.1.13"

"@antv/l7-map@2.15.3":
  version "2.15.3"
  resolved "https://registry.yarnpkg.com/@antv/l7-map/-/l7-map-2.15.3.tgz#dc2c5f84139c15b3b472a8eb96657751425da082"
  integrity sha512-IQKjKlwiAlhyWZiIQpn3psq+2YE0ruyNQlssF53EAWLJXHaJAzy9p1FX4Kng8a88HI4OlNBRPo5VJqIC8z0LcA==
  dependencies:
    "@antv/l7-utils" "2.15.3"
    "@babel/runtime" "^7.7.7"
    "@mapbox/point-geometry" "^0.1.0"
    "@mapbox/unitbezier" "^0.0.0"
    eventemitter3 "^4.0.4"
    gl-matrix "^3.1.0"
    lodash "^4.17.15"

"@antv/l7-maps@2.15.3", "@antv/l7-maps@^2.15.3":
  version "2.15.3"
  resolved "https://registry.yarnpkg.com/@antv/l7-maps/-/l7-maps-2.15.3.tgz#ac9f02e4ee837e05165f5164ebf1ec45f7c91ced"
  integrity sha512-Xu5PQc9vgKw5mtJlOfoBvySfme/NpiaG0SjCoOtDp85pgp1YjyswcD4MRwXEKxgFtwcQNSSdt6Ul7B6qYkBv2A==
  dependencies:
    "@amap/amap-jsapi-loader" "^1.0.1"
    "@antv/l7-core" "2.15.3"
    "@antv/l7-map" "2.15.3"
    "@antv/l7-utils" "2.15.3"
    "@babel/runtime" "^7.7.7"
    "@types/amap-js-api" "^1.4.6"
    "@types/mapbox-gl" "^1.11.2"
    gl-matrix "^3.1.0"
    inversify "^5.0.1"
    mapbox-gl "^1.2.1"
    reflect-metadata "^0.1.13"
    viewport-mercator-project "^6.2.1"

"@antv/l7-renderer@2.15.3":
  version "2.15.3"
  resolved "https://registry.yarnpkg.com/@antv/l7-renderer/-/l7-renderer-2.15.3.tgz#5e3b4609c0fc78e7ba31c8dcbabac665401518df"
  integrity sha512-AtYh2GVgO4ruJuYXfinf1FbpNPLWX3SGU6YdwA9D412NmIEZ8+xt/JcJZvNRwZ7HzWtCa1e4VN3eqOTnPamZMg==
  dependencies:
    "@antv/l7-core" "2.15.3"
    "@antv/l7-utils" "2.15.3"
    "@babel/runtime" "^7.7.7"
    inversify "^5.0.1"
    l7regl "^0.0.20"
    lodash "^4.17.15"
    reflect-metadata "^0.1.13"

"@antv/l7-scene@2.15.3":
  version "2.15.3"
  resolved "https://registry.yarnpkg.com/@antv/l7-scene/-/l7-scene-2.15.3.tgz#b5a08e0c14d7c29d44c88e49ba61f6812ccf5608"
  integrity sha512-4WwBlyl7HBB7aunm0XbIOU4rDx3vEnNFCfoXaqX+4PTMzIErhjolXueOFkKeHX7XH9cF7g9FNhQ0Nlbf6DXbGw==
  dependencies:
    "@antv/l7-component" "2.15.3"
    "@antv/l7-core" "2.15.3"
    "@antv/l7-layers" "2.15.3"
    "@antv/l7-maps" "2.15.3"
    "@antv/l7-renderer" "2.15.3"
    "@antv/l7-utils" "2.15.3"
    "@babel/runtime" "^7.7.7"
    eventemitter3 "^4.0.7"
    inversify "^5.0.1"
    mapbox-gl "^1.2.1"
    reflect-metadata "^0.1.13"

"@antv/l7-source@2.15.3":
  version "2.15.3"
  resolved "https://registry.yarnpkg.com/@antv/l7-source/-/l7-source-2.15.3.tgz#bf8d751fda266dc1d6e6e91ce5b9da4fa061dd0e"
  integrity sha512-RgMZjGKIR70ZDsQ8lc9onBjdM5hNymqDnZ9npP4DHmDUc1bmDYHW4oyibhcASVIEtm4ORodpUoEURoI1ciV8cw==
  dependencies:
    "@antv/async-hook" "^2.2.9"
    "@antv/l7-core" "2.15.3"
    "@antv/l7-utils" "2.15.3"
    "@babel/runtime" "^7.7.7"
    "@mapbox/geojson-rewind" "^0.5.2"
    "@mapbox/vector-tile" "^1.3.1"
    "@turf/helpers" "^6.1.4"
    "@turf/invariant" "^6.1.2"
    "@turf/meta" "^6.0.2"
    d3-dsv "^1.1.1"
    d3-hexbin "^0.2.2"
    eventemitter3 "^4.0.0"
    geojson-vt "^3.2.1"
    inversify "^5.0.1"
    lodash "^4.17.15"
    pbf "^3.2.1"
    reflect-metadata "^0.1.13"
    supercluster "^7.0.0"

"@antv/l7-utils@2.15.3":
  version "2.15.3"
  resolved "https://registry.yarnpkg.com/@antv/l7-utils/-/l7-utils-2.15.3.tgz#f37b92671f5b042fea4b4435a84ac2d30484e318"
  integrity sha512-PzKSWF5K4y2uTazIsmnt5H+p+uMFF30TgEvDqfUU3Tx9QQ1hE7jDkW2ixtbUVpJ1ZHIUVHk7bDVppU6LT6GuLA==
  dependencies:
    "@babel/runtime" "^7.7.7"
    "@turf/bbox" "^6.5.0"
    "@turf/bbox-polygon" "^6.5.0"
    "@turf/helpers" "^6.1.4"
    d3-color "^1.4.0"
    earcut "^2.1.0"
    eventemitter3 "^4.0.0"
    gl-matrix "^3.1.0"
    lodash "^4.17.15"
    web-worker-helper "^0.0.3"

"@antv/l7@^2.15.3":
  version "2.15.3"
  resolved "https://registry.yarnpkg.com/@antv/l7/-/l7-2.15.3.tgz#3f1f696a8174250451d8347bf965acfd0cf8df70"
  integrity sha512-HNAWuNzAPoGLznIK0obOQKy/YZkLgux2qpZVZC30dI1RUHudM1hL3geroI6/jVh7rkMm7SomUAZaBrqADFQ+BA==
  dependencies:
    "@antv/l7-component" "2.15.3"
    "@antv/l7-core" "2.15.3"
    "@antv/l7-layers" "2.15.3"
    "@antv/l7-maps" "2.15.3"
    "@antv/l7-scene" "2.15.3"
    "@antv/l7-source" "2.15.3"
    "@antv/l7-utils" "2.15.3"
    "@babel/runtime" "^7.7.7"

"@antv/matrix-util@^3.0.4":
  version "3.0.4"
  resolved "https://registry.npmmirror.com/@antv/matrix-util/-/matrix-util-3.0.4.tgz#ea13f158aa2fb4ba2fb8d6b6b561ec467ea3ac20"
  integrity sha512-BAPyu6dUliHcQ7fm9hZSGKqkwcjEDVLVAstlHULLvcMZvANHeLXgHEgV7JqcAV/GIhIz8aZChIlzM1ZboiXpYQ==
  dependencies:
    "@antv/util" "^2.0.9"
    gl-matrix "^3.3.0"
    tslib "^2.0.3"

"@antv/matrix-util@^3.1.0-beta.1", "@antv/matrix-util@^3.1.0-beta.2", "@antv/matrix-util@^3.1.0-beta.3":
  version "3.1.0-beta.3"
  resolved "https://registry.npmmirror.com/@antv/matrix-util/-/matrix-util-3.1.0-beta.3.tgz#e061de8fa7be04605a155c69cc5ce9082eedddee"
  integrity sha512-W2R6Za3A6CmG51Y/4jZUM/tFgYSq7vTqJL1VD9dKrvwxS4sE0ZcXINtkp55CdyBwJ6Cwm8pfoRpnD4FnHahN0A==
  dependencies:
    "@antv/util" "^2.0.9"
    gl-matrix "^3.4.3"
    tslib "^2.0.3"

"@antv/path-util@^2.0.15", "@antv/path-util@~2.0.5", "@antv/path-util@~2.0.7":
  version "2.0.15"
  resolved "https://registry.npmmirror.com/@antv/path-util/-/path-util-2.0.15.tgz#a6f691dfc8b7bce5be7f0aabb5bd614964325631"
  integrity sha512-R2VLZ5C8PLPtr3VciNyxtjKqJ0XlANzpFb5sE9GE61UQqSRuSVSzIakMxjEPrpqbgc+s+y8i+fmc89Snu7qbNw==
  dependencies:
    "@antv/matrix-util" "^3.0.4"
    "@antv/util" "^2.0.9"
    tslib "^2.0.3"

"@antv/scale@^0.3.0", "@antv/scale@^0.3.14", "@antv/scale@~0.3.1":
  version "0.3.18"
  resolved "https://registry.npmmirror.com/@antv/scale/-/scale-0.3.18.tgz#b911f431b3e0b9547b6a65f66d0d3fa295b5ef32"
  integrity sha512-GHwE6Lo7S/Q5fgaLPaCsW+CH+3zl4aXpnN1skOiEY0Ue9/u+s2EySv6aDXYkAqs//i0uilMDD/0/4n8caX9U9w==
  dependencies:
    "@antv/util" "~2.0.3"
    fecha "~4.2.0"
    tslib "^2.0.0"

"@antv/util@^2.0.9", "@antv/util@~2.0.0", "@antv/util@~2.0.12", "@antv/util@~2.0.13", "@antv/util@~2.0.3", "@antv/util@~2.0.5":
  version "2.0.17"
  resolved "https://registry.npmmirror.com/@antv/util/-/util-2.0.17.tgz#e8ef42aca7892815b229269f3dd10c6b3c7597a9"
  integrity sha512-o6I9hi5CIUvLGDhth0RxNSFDRwXeywmt6ExR4+RmVAzIi48ps6HUy+svxOCayvrPBN37uE6TAc2KDofRo0nK9Q==
  dependencies:
    csstype "^3.0.8"
    tslib "^2.0.3"

"@babel/runtime@^7.0.0", "@babel/runtime@^7.7.7", "@babel/runtime@^7.8.4":
  version "7.21.0"
  resolved "https://registry.yarnpkg.com/@babel/runtime/-/runtime-7.21.0.tgz#5b55c9d394e5fcf304909a8b00c07dc217b56673"
  integrity sha512-xwII0//EObnq89Ji5AKYQaRYiW/nZ3llSv29d49IuxPhKbtJoLP+9QUUZ4nVragQVtaVGeZrpB+ZtG/Pdy/POw==
  dependencies:
    regenerator-runtime "^0.13.11"

"@mapbox/geojson-rewind@^0.5.2":
  version "0.5.2"
  resolved "https://registry.yarnpkg.com/@mapbox/geojson-rewind/-/geojson-rewind-0.5.2.tgz#591a5d71a9cd1da1a0bf3420b3bea31b0fc7946a"
  integrity sha512-tJaT+RbYGJYStt7wI3cq4Nl4SXxG8W7JDG5DMJu97V25RnbNg3QtQtf+KD+VLjNpWKYsRvXDNmNrBgEETr1ifA==
  dependencies:
    get-stream "^6.0.1"
    minimist "^1.2.6"

"@mapbox/geojson-types@^1.0.2":
  version "1.0.2"
  resolved "https://registry.yarnpkg.com/@mapbox/geojson-types/-/geojson-types-1.0.2.tgz#9aecf642cb00eab1080a57c4f949a65b4a5846d6"
  integrity sha512-e9EBqHHv3EORHrSfbR9DqecPNn+AmuAoQxV6aL8Xu30bJMJR1o8PZLZzpk1Wq7/NfCbuhmakHTPYRhoqLsXRnw==

"@mapbox/jsonlint-lines-primitives@^2.0.2":
  version "2.0.2"
  resolved "https://registry.yarnpkg.com/@mapbox/jsonlint-lines-primitives/-/jsonlint-lines-primitives-2.0.2.tgz#ce56e539f83552b58d10d672ea4d6fc9adc7b234"
  integrity sha512-rY0o9A5ECsTQRVhv7tL/OyDpGAoUB4tTvLiW1DSzQGq4bvTPhNw1VpSNjDJc5GFZ2XuyOtSWSVN05qOtcD71qQ==

"@mapbox/mapbox-gl-supported@^1.5.0":
  version "1.5.0"
  resolved "https://registry.yarnpkg.com/@mapbox/mapbox-gl-supported/-/mapbox-gl-supported-1.5.0.tgz#f60b6a55a5d8e5ee908347d2ce4250b15103dc8e"
  integrity sha512-/PT1P6DNf7vjEEiPkVIRJkvibbqWtqnyGaBz3nfRdcxclNSnSdaLU5tfAgcD7I8Yt5i+L19s406YLl1koLnLbg==

"@mapbox/martini@^0.2.0":
  version "0.2.0"
  resolved "https://registry.yarnpkg.com/@mapbox/martini/-/martini-0.2.0.tgz#1af70211fbe994abf26e37f1388ca69c02cd43b4"
  integrity sha512-7hFhtkb0KTLEls+TRw/rWayq5EeHtTaErgm/NskVoXmtgAQu/9D299aeyj6mzAR/6XUnYRp2lU+4IcrYRFjVsQ==

"@mapbox/point-geometry@0.1.0", "@mapbox/point-geometry@^0.1.0", "@mapbox/point-geometry@~0.1.0":
  version "0.1.0"
  resolved "https://registry.yarnpkg.com/@mapbox/point-geometry/-/point-geometry-0.1.0.tgz#8a83f9335c7860effa2eeeca254332aa0aeed8f2"
  integrity sha512-6j56HdLTwWGO0fJPlrZtdU/B13q8Uwmo18Ck2GnGgN9PCFyKTZ3UbXeEdRFh18i9XQ92eH2VdtpJHpBD3aripQ==

"@mapbox/tiny-sdf@^1.1.1":
  version "1.2.5"
  resolved "https://registry.yarnpkg.com/@mapbox/tiny-sdf/-/tiny-sdf-1.2.5.tgz#424c620a96442b20402552be70a7f62a8407cc59"
  integrity sha512-cD8A/zJlm6fdJOk6DqPUV8mcpyJkRz2x2R+/fYcWDYG3oWbG7/L7Yl/WqQ1VZCjnL9OTIMAn6c+BC5Eru4sQEw==

"@mapbox/unitbezier@^0.0.0":
  version "0.0.0"
  resolved "https://registry.yarnpkg.com/@mapbox/unitbezier/-/unitbezier-0.0.0.tgz#15651bd553a67b8581fb398810c98ad86a34524e"
  integrity sha512-HPnRdYO0WjFjRTSwO3frz1wKaU649OBFPX3Zo/2WZvuRi6zMiRGui8SnPQiQABgqCf8YikDe5t3HViTVw1WUzA==

"@mapbox/vector-tile@^1.3.1":
  version "1.3.1"
  resolved "https://registry.yarnpkg.com/@mapbox/vector-tile/-/vector-tile-1.3.1.tgz#d3a74c90402d06e89ec66de49ec817ff53409666"
  integrity sha512-MCEddb8u44/xfQ3oD+Srl/tNcQoqTw3goGk2oLsrFxOTc3dUp+kAnby3PvAeeBYSMSjSPD1nd1AJA6W49WnoUw==
  dependencies:
    "@mapbox/point-geometry" "~0.1.0"

"@mapbox/whoots-js@^3.1.0":
  version "3.1.0"
  resolved "https://registry.yarnpkg.com/@mapbox/whoots-js/-/whoots-js-3.1.0.tgz#497c67a1cef50d1a2459ba60f315e448d2ad87fe"
  integrity sha512-Es6WcD0nO5l+2BOQS4uLfNPYQaNDfbot3X1XUoloz+x0mPDS3eeORZJl06HXjwBG1fOGwCRnzK88LMdxKRrd6Q==

"@turf/bbox-polygon@^6.5.0":
  version "6.5.0"
  resolved "https://registry.yarnpkg.com/@turf/bbox-polygon/-/bbox-polygon-6.5.0.tgz#f18128b012eedfa860a521d8f2b3779cc0801032"
  integrity sha512-+/r0NyL1lOG3zKZmmf6L8ommU07HliP4dgYToMoTxqzsWzyLjaj/OzgQ8rBmv703WJX+aS6yCmLuIhYqyufyuw==
  dependencies:
    "@turf/helpers" "^6.5.0"

"@turf/bbox@^6.5.0":
  version "6.5.0"
  resolved "https://registry.yarnpkg.com/@turf/bbox/-/bbox-6.5.0.tgz#bec30a744019eae420dac9ea46fb75caa44d8dc5"
  integrity sha512-RBbLaao5hXTYyyg577iuMtDB8ehxMlUqHEJiMs8jT1GHkFhr6sYre3lmLsPeYEi/ZKj5TP5tt7fkzNdJ4GIVyw==
  dependencies:
    "@turf/helpers" "^6.5.0"
    "@turf/meta" "^6.5.0"

"@turf/clone@^6.5.0":
  version "6.5.0"
  resolved "https://registry.yarnpkg.com/@turf/clone/-/clone-6.5.0.tgz#895860573881ae10a02dfff95f274388b1cda51a"
  integrity sha512-mzVtTFj/QycXOn6ig+annKrM6ZlimreKYz6f/GSERytOpgzodbQyOgkfwru100O1KQhhjSudKK4DsQ0oyi9cTw==
  dependencies:
    "@turf/helpers" "^6.5.0"

"@turf/helpers@^6.1.4", "@turf/helpers@^6.5.0":
  version "6.5.0"
  resolved "https://registry.yarnpkg.com/@turf/helpers/-/helpers-6.5.0.tgz#f79af094bd6b8ce7ed2bd3e089a8493ee6cae82e"
  integrity sha512-VbI1dV5bLFzohYYdgqwikdMVpe7pJ9X3E+dlr425wa2/sMJqYDhTO++ec38/pcPvPE6oD9WEEeU3Xu3gza+VPw==

"@turf/invariant@^6.1.2", "@turf/invariant@^6.5.0":
  version "6.5.0"
  resolved "https://registry.yarnpkg.com/@turf/invariant/-/invariant-6.5.0.tgz#970afc988023e39c7ccab2341bd06979ddc7463f"
  integrity sha512-Wv8PRNCtPD31UVbdJE/KVAWKe7l6US+lJItRR/HOEW3eh+U/JwRCSUl/KZ7bmjM/C+zLNoreM2TU6OoLACs4eg==
  dependencies:
    "@turf/helpers" "^6.5.0"

"@turf/meta@^6.0.2", "@turf/meta@^6.5.0":
  version "6.5.0"
  resolved "https://registry.yarnpkg.com/@turf/meta/-/meta-6.5.0.tgz#b725c3653c9f432133eaa04d3421f7e51e0418ca"
  integrity sha512-RrArvtsV0vdsCBegoBtOalgdSOfkBrTJ07VkpiCnq/491W67hnMWmDu7e6Ztw0C3WldRYTXkg3SumfdzZxLBHA==
  dependencies:
    "@turf/helpers" "^6.5.0"

"@turf/polygon-to-line@^6.5.0":
  version "6.5.0"
  resolved "https://registry.yarnpkg.com/@turf/polygon-to-line/-/polygon-to-line-6.5.0.tgz#4dc86db66168b32bb83ce448cf966208a447d952"
  integrity sha512-5p4n/ij97EIttAq+ewSnKt0ruvuM+LIDzuczSzuHTpq4oS7Oq8yqg5TQ4nzMVuK41r/tALCk7nAoBuw3Su4Gcw==
  dependencies:
    "@turf/helpers" "^6.5.0"
    "@turf/invariant" "^6.5.0"

"@turf/union@^6.5.0":
  version "6.5.0"
  resolved "https://registry.yarnpkg.com/@turf/union/-/union-6.5.0.tgz#82d28f55190608f9c7d39559b7f543393b03b82d"
  integrity sha512-igYWCwP/f0RFHIlC2c0SKDuM/ObBaqSljI3IdV/x71805QbIvY/BYGcJdyNcgEA6cylIGl/0VSlIbpJHZ9ldhw==
  dependencies:
    "@turf/helpers" "^6.5.0"
    "@turf/invariant" "^6.5.0"
    polygon-clipping "^0.15.3"

"@types/acorn@^4.0.5":
  version "4.0.6"
  resolved "https://registry.yarnpkg.com/@types/acorn/-/acorn-4.0.6.tgz#d61ca5480300ac41a7d973dd5b84d0a591154a22"
  integrity sha512-veQTnWP+1D/xbxVrPC3zHnCZRjSrKfhbMUlEA43iMZLu7EsnTtkJklIuwrCPbOi8YkvDQAiW05VQQFvvz9oieQ==
  dependencies:
    "@types/estree" "*"

"@types/amap-js-api@^1.4.6":
  version "1.4.11"
  resolved "https://registry.yarnpkg.com/@types/amap-js-api/-/amap-js-api-1.4.11.tgz#7593c1a64c6f2dd5f92cdcbc92db7e6fee83661e"
  integrity sha512-UUyq7nDIPbp2DGcbaShROu8oB9lksiNc2FqxrC6+bKLJOlo03lTtQnoeQFxhhfcBNAYfUPAblRt3LCQFesbyEw==

"@types/d3-timer@^2.0.0":
  version "2.0.1"
  resolved "https://registry.npmmirror.com/@types/d3-timer/-/d3-timer-2.0.1.tgz#ffb6620d290624f3726aa362c0c8a4b44c8d7200"
  integrity sha512-TF8aoF5cHcLO7W7403blM7L1T+6NF3XMyN3fxyUolq2uOcFeicG/khQg/dGxiCJWoAcmYulYN7LYSRKO54IXaA==

"@types/estree@*":
  version "1.0.1"
  resolved "https://registry.yarnpkg.com/@types/estree/-/estree-1.0.1.tgz#aa22750962f3bf0e79d753d3cc067f010c95f194"
  integrity sha512-LG4opVs2ANWZ1TJoKc937iMmNstM/d0ae1vNbnBvBhqCSezgVUOzcLCqbI5elV8Vy6WKwKjaqR+zO9VKirBBCA==

"@types/estree@0.0.41":
  version "0.0.41"
  resolved "https://registry.yarnpkg.com/@types/estree/-/estree-0.0.41.tgz#fd90754150b57432b72bf560530500597ff04421"
  integrity sha512-rIAmXyJlqw4KEBO7+u9gxZZSQHaCNnIzYrnNmYVpgfJhxTqO0brCX0SYpqUTkVI5mwwUwzmtspLBGBKroMeynA==

"@types/geojson@*":
  version "7946.0.10"
  resolved "https://registry.yarnpkg.com/@types/geojson/-/geojson-7946.0.10.tgz#6dfbf5ea17142f7f9a043809f1cd4c448cb68249"
  integrity sha512-Nmh0K3iWQJzniTuPRcJn5hxXkfB1T1pgB89SBig5PlJQU5yocazeu4jATJlaA0GYFKWMqDdvYemoSnF2pXgLVA==

"@types/mapbox-gl@^1.11.2":
  version "1.13.5"
  resolved "https://registry.yarnpkg.com/@types/mapbox-gl/-/mapbox-gl-1.13.5.tgz#60ba2ce0da0498ef1c5b4c3c63987ddeddcace04"
  integrity sha512-SxV/XJlMENSgBv6SdKMF32joMjSLYa8M2yyOoI7xLyIOT3Bo/FSq12BIq6f6Kc0lT2ElezzzWKDVtXEJo0aruQ==
  dependencies:
    "@types/geojson" "*"

acorn@^7.1.0, acorn@^7.1.1:
  version "7.4.1"
  resolved "https://registry.yarnpkg.com/acorn/-/acorn-7.4.1.tgz#feaed255973d2e77555b83dbc08851a6c63520fa"
  integrity sha512-nQyp0o1/mNdbTO1PO6kHkwSrmgZ0MT/jCCpNiwbUjGoRN4dlBhqJtoQuCnEOKzgTVwg0ZWiCoQy6SxMebQVh8A==

ajv@^6.10.2:
  version "6.12.6"
  resolved "https://registry.yarnpkg.com/ajv/-/ajv-6.12.6.tgz#baf5a62e802b07d977034586f8c3baf5adf26df4"
  integrity sha512-j3fVLgvTo527anyYyJOGTYJbG+vnnQYvE0m5mmkc1TK+nxAppkCLMIL0aZ4dblVCNoGShhm+kzE4ZUykBoMg4g==
  dependencies:
    fast-deep-equal "^3.1.1"
    fast-json-stable-stringify "^2.0.0"
    json-schema-traverse "^0.4.1"
    uri-js "^4.2.2"

as-number@^1.0.0:
  version "1.0.0"
  resolved "https://registry.yarnpkg.com/as-number/-/as-number-1.0.0.tgz#acb27e34f8f9d8ab0da9e376f3b8959860f80a66"
  integrity sha512-HkI/zLo2AbSRO4fqVkmyf3hms0bJDs3iboHqTrNuwTiCRvdYXM7HFhfhB6Dk51anV2LM/IMB83mtK9mHw4FlAg==

async@^3.1.1:
  version "3.2.4"
  resolved "https://registry.yarnpkg.com/async/-/async-3.2.4.tgz#2d22e00f8cddeb5fde5dd33522b56d1cf569a81c"
  integrity sha512-iAB+JbDEGXhyIUavoDl9WP/Jj106Kz9DEn1DPgYw5ruDn0e3Wgi3sKFm55sASdGBNOQB8F59d9qQ7deqrHA8wQ==

commander@2:
  version "2.20.3"
  resolved "https://registry.yarnpkg.com/commander/-/commander-2.20.3.tgz#fd485e84c03eb4881c20722ba48035e8531aeb33"
  integrity sha512-GpVkmM8vF2vQUkj2LvZmD35JxeJOLCwJ9cUkugyk2nuhbv3+mJvpLYYt+0+USMxE+oj+ey/lJEnhZw75x/OMcQ==

csscolorparser@~1.0.3:
  version "1.0.3"
  resolved "https://registry.yarnpkg.com/csscolorparser/-/csscolorparser-1.0.3.tgz#b34f391eea4da8f3e98231e2ccd8df9c041f171b"
  integrity sha512-umPSgYwZkdFoUrH5hIq5kf0wPSXiro51nPw0j2K/c83KflkPSTBGMz6NJvMB+07VlL0y7VPo6QJcDjcgKTTm3w==

csstype@^3.0.8:
  version "3.1.2"
  resolved "https://registry.npmmirror.com/csstype/-/csstype-3.1.2.tgz#1d4bf9d572f11c14031f0436e1c10bc1f571f50b"
  integrity sha512-I7K1Uu0MBPzaFKg4nI5Q7Vs2t+3gWWW648spaF+Rg7pI9ds18Ugn+lvg4SHczUdKlHI5LWBXyqfS8+DufyBsgQ==

d3-array@1, d3-array@^1.2.0:
  version "1.2.4"
  resolved "https://registry.yarnpkg.com/d3-array/-/d3-array-1.2.4.tgz#635ce4d5eea759f6f605863dbcfc30edc737f71f"
  integrity sha512-KHW6M86R+FUPYGb3R5XiYjXPq7VzwxZ22buHhAEVG5ztoEcZZMLov530mmccaqA1GghZArjQV46fuc8kUqhhHw==

d3-collection@1:
  version "1.0.7"
  resolved "https://registry.yarnpkg.com/d3-collection/-/d3-collection-1.0.7.tgz#349bd2aa9977db071091c13144d5e4f16b5b310e"
  integrity sha512-ii0/r5f4sjKNTfh84Di+DpztYwqKhEyUlKoPrzUFfeSkWxjW49xU2QzO9qrPrNkpdI0XJkfzvmTu8V2Zylln6A==

d3-color@1, d3-color@^1.4.0:
  version "1.4.1"
  resolved "https://registry.yarnpkg.com/d3-color/-/d3-color-1.4.1.tgz#c52002bf8846ada4424d55d97982fef26eb3bc8a"
  integrity sha512-p2sTHSLCJI2QKunbGb7ocOh7DgTAn8IrLx21QRc/BSnodXM4sv6aLQlnfpvehFMLZEfBc6g9pH9SWQccFYfJ9Q==

"d3-color@1 - 3":
  version "3.1.0"
  resolved "https://registry.npmmirror.com/d3-color/-/d3-color-3.1.0.tgz#395b2833dfac71507f12ac2f7af23bf819de24e2"
  integrity sha512-zg/chbXyeBtMQ1LbD/WSoW2DpC3I0mpmPdW+ynRTj/x2DAWYrIY7qeZIHidozwV24m4iavr15lNwIwLxRmOxhA==

d3-dsv@^1.1.1:
  version "1.2.0"
  resolved "https://registry.yarnpkg.com/d3-dsv/-/d3-dsv-1.2.0.tgz#9d5f75c3a5f8abd611f74d3f5847b0d4338b885c"
  integrity sha512-9yVlqvZcSOMhCYzniHE7EVUws7Fa1zgw+/EAV2BxJoG3ME19V6BQFBwI855XQDsxyOuG7NibqRMTtiF/Qup46g==
  dependencies:
    commander "2"
    iconv-lite "0.4"
    rw "1"

d3-ease@^1.0.5:
  version "1.0.7"
  resolved "https://registry.npmmirror.com/d3-ease/-/d3-ease-1.0.7.tgz#9a834890ef8b8ae8c558b2fe55bd57f5993b85e2"
  integrity sha512-lx14ZPYkhNx0s/2HX5sLFUI3mbasHjSSpwO/KaaNACweVwxUruKyWVcb293wMv1RqTPZyZ8kSZ2NogUZNcLOFQ==

d3-format@1:
  version "1.4.5"
  resolved "https://registry.yarnpkg.com/d3-format/-/d3-format-1.4.5.tgz#374f2ba1320e3717eb74a9356c67daee17a7edb4"
  integrity sha512-J0piedu6Z8iB6TbIGfZgDzfXxUFN3qQRMofy2oPdXzQibYGqPB/9iMcxr/TGalU+2RsyDO+U4f33id8tbnSRMQ==

d3-hexbin@^0.2.2:
  version "0.2.2"
  resolved "https://registry.yarnpkg.com/d3-hexbin/-/d3-hexbin-0.2.2.tgz#9c5837dacfd471ab05337a9e91ef10bfc4f98831"
  integrity sha512-KS3fUT2ReD4RlGCjvCEm1RgMtp2NFZumdMu4DBzQK8AZv3fXRM6Xm8I4fSU07UXvH4xxg03NwWKWdvxfS/yc4w==

d3-interpolate@1, d3-interpolate@1.4.0:
  version "1.4.0"
  resolved "https://registry.yarnpkg.com/d3-interpolate/-/d3-interpolate-1.4.0.tgz#526e79e2d80daa383f9e0c1c1c7dcc0f0583e987"
  integrity sha512-V9znK0zc3jOPV4VD2zZn0sDhZU3WAE2bmlxdIwwQPPzPjvyLkd8B3JUVdS1IDUFDkWZ72c9qnv1GK2ZagTZ8EA==
  dependencies:
    d3-color "1"

d3-interpolate@^3.0.1:
  version "3.0.1"
  resolved "https://registry.npmmirror.com/d3-interpolate/-/d3-interpolate-3.0.1.tgz#3c47aa5b32c5b3dfb56ef3fd4342078a632b400d"
  integrity sha512-3bYs1rOD33uo8aqJfKP3JWPAibgw8Zm2+L9vBKEHJ2Rg+viTR7o5Mmv5mZcieN+FRYaAOWX5SJATX6k1PWz72g==
  dependencies:
    d3-color "1 - 3"

d3-scale@2:
  version "2.2.2"
  resolved "https://registry.yarnpkg.com/d3-scale/-/d3-scale-2.2.2.tgz#4e880e0b2745acaaddd3ede26a9e908a9e17b81f"
  integrity sha512-LbeEvGgIb8UMcAa0EATLNX0lelKWGYDQiPdHj+gLblGVhGLyNbaCn3EvrJf0A3Y/uOOU5aD6MTh5ZFCdEwGiCw==
  dependencies:
    d3-array "^1.2.0"
    d3-collection "1"
    d3-format "1"
    d3-interpolate "1"
    d3-time "1"
    d3-time-format "2"

d3-time-format@2:
  version "2.3.0"
  resolved "https://registry.yarnpkg.com/d3-time-format/-/d3-time-format-2.3.0.tgz#107bdc028667788a8924ba040faf1fbccd5a7850"
  integrity sha512-guv6b2H37s2Uq/GefleCDtbe0XZAuy7Wa49VGkPVPMfLL9qObgBST3lEHJBMUp8S7NdLQAGIvr2KXk8Hc98iKQ==
  dependencies:
    d3-time "1"

d3-time@1:
  version "1.1.0"
  resolved "https://registry.yarnpkg.com/d3-time/-/d3-time-1.1.0.tgz#b1e19d307dae9c900b7e5b25ffc5dcc249a8a0f1"
  integrity sha512-Xh0isrZ5rPYYdqhAVk8VLnMEidhz5aP7htAADH6MfzgmmicPkTo8LhkLxci61/lCB7n7UmE3bN0leRt+qvkLxA==

d3-timer@^1.0.9:
  version "1.0.10"
  resolved "https://registry.npmmirror.com/d3-timer/-/d3-timer-1.0.10.tgz#dfe76b8a91748831b13b6d9c793ffbd508dd9de5"
  integrity sha512-B1JDm0XDaQC+uvo4DT79H0XmBskgS3l6Ve+1SBCfxgmtIb1AVrPIoqd+nPSv+loMX8szQ0sVUhGngL7D5QPiXw==

detect-browser@^5.0.0, detect-browser@^5.1.0:
  version "5.3.0"
  resolved "https://registry.npmmirror.com/detect-browser/-/detect-browser-5.3.0.tgz#9705ef2bddf46072d0f7265a1fe300e36fe7ceca"
  integrity sha512-53rsFbGdwMwlF7qvCt0ypLM5V5/Mbl0szB7GPN8y9NCcbknYOeVVXdrXEq+90IwAfrrzt6Hd+u2E2ntakICU8w==

earcut@^2.1.0, earcut@^2.2.1, earcut@^2.2.2:
  version "2.2.4"
  resolved "https://registry.yarnpkg.com/earcut/-/earcut-2.2.4.tgz#6d02fd4d68160c114825d06890a92ecaae60343a"
  integrity sha512-/pjZsA1b4RPHbeWZQn66SWS8nZZWLQQ23oE3Eam7aroEFGEvwKAsJfZ9ytiEMycfzXWpca4FA9QIOehf7PocBQ==

element-resize-event@^3.0.3:
  version "3.0.6"
  resolved "https://registry.yarnpkg.com/element-resize-event/-/element-resize-event-3.0.6.tgz#3a18efd4879ad615e979fd8bbf173b014987eb9a"
  integrity sha512-sSeXY9rNDp86bJODW68pxLcy3A5FrPZfIgOrJHzqgYzX513Zq6/ytdBigp7KeJEpZZopBBSiO1cVuiRkZpNxLw==

eventemitter3@^4.0.0, eventemitter3@^4.0.4, eventemitter3@^4.0.7:
  version "4.0.7"
  resolved "https://registry.yarnpkg.com/eventemitter3/-/eventemitter3-4.0.7.tgz#2de9b68f6528d5644ef5c59526a1b4a07306169f"
  integrity sha512-8guHBZCwKnFhYdHr2ysuRWErTwhoN2X8XELRlrRwpmfeY2jjuUN4taQMsULKUVo1K4DvZl+0pgfyoysHxvmvEw==

extrude-polyline@^1.0.6:
  version "1.0.6"
  resolved "https://registry.yarnpkg.com/extrude-polyline/-/extrude-polyline-1.0.6.tgz#7e6afe1f349a4182fa3f61a00d93979b95f18b20"
  integrity sha512-fcKIanU/v+tcdgG0+xMbS0C2VZ0/CF3qqxSjHiWfWICh0yFBezPr3SsOhgdzwE5E82plG6p1orEsfSqgldpxVg==
  dependencies:
    as-number "^1.0.0"
    gl-vec2 "^1.0.0"
    polyline-miter-util "^1.0.1"

falafel@^2.2.4:
  version "2.2.5"
  resolved "https://registry.yarnpkg.com/falafel/-/falafel-2.2.5.tgz#3ccb4970a09b094e9e54fead2deee64b4a589d56"
  integrity sha512-HuC1qF9iTnHDnML9YZAdCDQwT0yKl/U55K4XSUXqGAA2GLoafFgWRqdAbhWJxXaYD4pyoVxAJ8wH670jMpI9DQ==
  dependencies:
    acorn "^7.1.1"
    isarray "^2.0.1"

fast-deep-equal@^3.1.1:
  version "3.1.3"
  resolved "https://registry.yarnpkg.com/fast-deep-equal/-/fast-deep-equal-3.1.3.tgz#3a7d56b559d6cbc3eb512325244e619a65c6c525"
  integrity sha512-f3qQ9oQy9j2AhBe/H9VC91wLmKBCCU/gDOnKNAYG5hswO7BLKj09Hc5HYNz9cGI++xlpDCIgDaitVs03ATR84Q==

fast-json-stable-stringify@^2.0.0:
  version "2.1.0"
  resolved "https://registry.yarnpkg.com/fast-json-stable-stringify/-/fast-json-stable-stringify-2.1.0.tgz#874bf69c6f404c2b5d99c481341399fd55892633"
  integrity sha512-lhd/wF+Lk98HZoTCtlVraHtfh5XYijIjalXck7saUtuanSDyLMxnHhSXEDJqHxD7msR8D0uCmqlkwjCV8xvwHw==

fecha@~4.2.0:
  version "4.2.3"
  resolved "https://registry.npmmirror.com/fecha/-/fecha-4.2.3.tgz#4d9ccdbc61e8629b259fdca67e65891448d569fd"
  integrity sha512-OP2IUU6HeYKJi3i0z4A19kHMQoLVs4Hc+DPqqxI2h/DPZHTm/vjsfC6P0b4jCMy14XizLBqvndQ+UilD7707Jw==

geojson-vt@^3.2.1:
  version "3.2.1"
  resolved "https://registry.yarnpkg.com/geojson-vt/-/geojson-vt-3.2.1.tgz#f8adb614d2c1d3f6ee7c4265cad4bbf3ad60c8b7"
  integrity sha512-EvGQQi/zPrDA6zr6BnJD/YhwAkBP8nnJ9emh3EnHQKVMfg/MRVtPbMYdgVy/IaEmn4UfagD2a6fafPDL5hbtwg==

get-stream@^6.0.1:
  version "6.0.1"
  resolved "https://registry.yarnpkg.com/get-stream/-/get-stream-6.0.1.tgz#a262d8eef67aced57c2852ad6167526a43cbf7b7"
  integrity sha512-ts6Wi+2j3jQjqi70w5AlN8DFnkSwC+MqmxEzdEALB2qXZYV3X/b1CTfgPLGJNMeAWxdPfU8FO1ms3NUfaHCPYg==

gl-matrix@^3.0.0, gl-matrix@^3.1.0, gl-matrix@^3.2.1, gl-matrix@^3.3.0, gl-matrix@^3.4.3:
  version "3.4.3"
  resolved "https://registry.yarnpkg.com/gl-matrix/-/gl-matrix-3.4.3.tgz#fc1191e8320009fd4d20e9339595c6041ddc22c9"
  integrity sha512-wcCp8vu8FT22BnvKVPjXa/ICBWRq/zjFfdofZy1WSpQZpphblv12/bOQLBC1rMM7SGOFS9ltVmKOHil5+Ml7gA==

gl-vec2@^1.0.0, gl-vec2@^1.3.0:
  version "1.3.0"
  resolved "https://registry.yarnpkg.com/gl-vec2/-/gl-vec2-1.3.0.tgz#83d472ed46034de8e09cbc857123fb6c81c51199"
  integrity sha512-YiqaAuNsheWmUV0Sa8k94kBB0D6RWjwZztyO+trEYS8KzJ6OQB/4686gdrf59wld4hHFIvaxynO3nRxpk1Ij/A==

grid-index@^1.1.0:
  version "1.1.0"
  resolved "https://registry.yarnpkg.com/grid-index/-/grid-index-1.1.0.tgz#97f8221edec1026c8377b86446a7c71e79522ea7"
  integrity sha512-HZRwumpOGUrHyxO5bqKZL0B0GlUpwtCAzZ42sgxUPniu33R1LSFH5yrIcBCHjkctCAh3mtWKcKd9J4vDDdeVHA==

iconv-lite@0.4:
  version "0.4.24"
  resolved "https://registry.yarnpkg.com/iconv-lite/-/iconv-lite-0.4.24.tgz#2022b4b25fbddc21d2f524974a474aafe733908b"
  integrity sha512-v3MXnZAcvnywkTUEZomIActle7RXXeedOR31wwl7VlyoXO4Qi9arvSenNQWne1TcRwhCL1HwLI21bEqdpj8/rA==
  dependencies:
    safer-buffer ">= 2.1.2 < 3"

ieee754@^1.1.12:
  version "1.2.1"
  resolved "https://registry.yarnpkg.com/ieee754/-/ieee754-1.2.1.tgz#8eb7a10a63fff25d15a57b001586d177d1b0d352"
  integrity sha512-dcyqhDvX1C46lXZcVqCpK+FtMRQVdIMN6/Df5js2zouUsqG7I6sFxitIC+7KYK29KdXOLHdu9zL4sFnoVQnqaA==

inversify-inject-decorators@^3.1.0:
  version "3.1.0"
  resolved "https://registry.yarnpkg.com/inversify-inject-decorators/-/inversify-inject-decorators-3.1.0.tgz#d9941080bad77cec8a65ee29d905e4d5d73e1e95"
  integrity sha512-/seBlVp5bXrLQS3DpKEmlgeZL6C7Tf/QITd+IMQrbBBGuCbxb7k3hRAWu9XSreNpFzLgSboz3sClLSEmGwHphw==

inversify@^5.0.1:
  version "5.1.1"
  resolved "https://registry.yarnpkg.com/inversify/-/inversify-5.1.1.tgz#6fbd668c591337404e005a1946bfe0d802c08730"
  integrity sha512-j8grHGDzv1v+8T1sAQ+3boTCntFPfvxLCkNcxB1J8qA0lUN+fAlSyYd+RXKvaPRL4AGyPxViutBEJHNXOyUdFQ==

isarray@^2.0.1:
  version "2.0.5"
  resolved "https://registry.yarnpkg.com/isarray/-/isarray-2.0.5.tgz#8af1e4c1221244cc62459faf38940d4e644a5723"
  integrity sha512-xHjhDr3cNBK0BzdUJSPXZntQUx/mwMS5Rw4A7lPJ90XGAO6ISP/ePDNuo0vhqOZU+UD5JoodwCAAoZQd3FeAKw==

json-schema-traverse@^0.4.1:
  version "0.4.1"
  resolved "https://registry.yarnpkg.com/json-schema-traverse/-/json-schema-traverse-0.4.1.tgz#69f6a87d9513ab8bb8fe63bdb0979c448e684660"
  integrity sha512-xbbCH5dCYU5T8LcEhhuh7HJ88HXuW3qsI3Y0zOZFKfZEHcpWiHU/Jxzk629Brsab/mMiHQti9wMP+845RPe3Vg==

kdbush@^3.0.0:
  version "3.0.0"
  resolved "https://registry.yarnpkg.com/kdbush/-/kdbush-3.0.0.tgz#f8484794d47004cc2d85ed3a79353dbe0abc2bf0"
  integrity sha512-hRkd6/XW4HTsA9vjVpY9tuXJYLSlelnkTmVFu4M9/7MIYQtFcHpbugAU7UbOfjOiVSVYl2fqgBuJ32JUmRo5Ew==

l7-tiny-sdf@^0.0.4:
  version "0.0.4"
  resolved "https://registry.yarnpkg.com/l7-tiny-sdf/-/l7-tiny-sdf-0.0.4.tgz#764cc672c2aa7dd9a3bfe8f33b61538a99f928d4"
  integrity sha512-hMuA5jolQCyhK+QufHMy+qxZQlc9uD/S7jVWFDyVy5TKb3HxMOGc1RcqMwcvlgDXzmVqNWkxAN8LracSEwqYIw==

l7eval5@^0.0.3:
  version "0.0.3"
  resolved "https://registry.yarnpkg.com/l7eval5/-/l7eval5-0.0.3.tgz#fac75ffdf2dd25de021fb102509196f586779bcb"
  integrity sha512-xnn9x/T0zawTM1L9DASmRXVMb5fTCib83FtGZQcn5ToM1lAo4dutNOK2JAC+jd3mEMWa9MMq188dyoQcqG2WOg==
  dependencies:
    "@babel/runtime" "^7.8.4"
    "@types/acorn" "^4.0.5"
    "@types/estree" "0.0.41"
    acorn "^7.1.0"

l7hammerjs@^0.0.7:
  version "0.0.7"
  resolved "https://registry.yarnpkg.com/l7hammerjs/-/l7hammerjs-0.0.7.tgz#f981d72c9cebf736d4139ffe7c58fdc93ab89ef8"
  integrity sha512-IFa3c0sOHBI09uK03GlKnk3Var5LXrCqL1JbnDpy63CQz8urZTk0dynGad+WU2iErVJcumHQokrR5Zt57tePZw==

l7regl@^0.0.20:
  version "0.0.20"
  resolved "https://registry.yarnpkg.com/l7regl/-/l7regl-0.0.20.tgz#f16e7018fb78271090d3c417095ba01a8ab9c6b8"
  integrity sha512-r2vDjsCKp1bbcjTVGtKovpOxn7kdcx6cup9nd47/dIZ4+ujZAXz2C/HPx4yrxzuNig81TeXpHHWslNpLolSg8A==
  dependencies:
    falafel "^2.2.4"
    l7eval5 "^0.0.3"

lodash@^4.17.15:
  version "4.17.21"
  resolved "https://registry.yarnpkg.com/lodash/-/lodash-4.17.21.tgz#679591c564c3bffaae8454cf0b3df370c3d6911c"
  integrity sha512-v2kDEe57lecTulaDIuNTPy3Ry4gLGJ6Z1O3vE1krgXZNrsQ+LFTGHVxVjcXPs17LhbZVGedAJv8XZ1tvj5FvSg==

mapbox-gl@^1.2.1:
  version "1.13.3"
  resolved "https://registry.yarnpkg.com/mapbox-gl/-/mapbox-gl-1.13.3.tgz#e024829cfc353f6e99275592061d15dfd7f41a71"
  integrity sha512-p8lJFEiqmEQlyv+DQxFAOG/XPWN0Wp7j/Psq93Zywz7qt9CcUKFYDBOoOEKzqe6gudHVJY8/Bhqw6VDpX2lSBg==
  dependencies:
    "@mapbox/geojson-rewind" "^0.5.2"
    "@mapbox/geojson-types" "^1.0.2"
    "@mapbox/jsonlint-lines-primitives" "^2.0.2"
    "@mapbox/mapbox-gl-supported" "^1.5.0"
    "@mapbox/point-geometry" "^0.1.0"
    "@mapbox/tiny-sdf" "^1.1.1"
    "@mapbox/unitbezier" "^0.0.0"
    "@mapbox/vector-tile" "^1.3.1"
    "@mapbox/whoots-js" "^3.1.0"
    csscolorparser "~1.0.3"
    earcut "^2.2.2"
    geojson-vt "^3.2.1"
    gl-matrix "^3.2.1"
    grid-index "^1.1.0"
    murmurhash-js "^1.0.0"
    pbf "^3.2.1"
    potpack "^1.0.1"
    quickselect "^2.0.0"
    rw "^1.3.3"
    supercluster "^7.1.0"
    tinyqueue "^2.0.3"
    vt-pbf "^3.1.1"

minimist@^1.2.6:
  version "1.2.8"
  resolved "https://registry.yarnpkg.com/minimist/-/minimist-1.2.8.tgz#c1a464e7693302e082a075cee0c057741ac4772c"
  integrity sha512-2yyAR8qBkN3YuheJanUpWC5U3bb5osDywNB8RzDVlDwDHbocAJveqqj1u8+SVD7jkWT4yvsHCpWqqWqAxb0zCA==

murmurhash-js@^1.0.0:
  version "1.0.0"
  resolved "https://registry.yarnpkg.com/murmurhash-js/-/murmurhash-js-1.0.0.tgz#b06278e21fc6c37fa5313732b0412bcb6ae15f51"
  integrity sha512-TvmkNhkv8yct0SVBSy+o8wYzXjE4Zz3PCesbfs8HiCXXdcTuocApFv11UWlNFWKYsP2okqrhb7JNlSm9InBhIw==

pbf@^3.2.1:
  version "3.2.1"
  resolved "https://registry.yarnpkg.com/pbf/-/pbf-3.2.1.tgz#b4c1b9e72af966cd82c6531691115cc0409ffe2a"
  integrity sha512-ClrV7pNOn7rtmoQVF4TS1vyU0WhYRnP92fzbfF75jAIwpnzdJXf8iTd4CMEqO4yUenH6NDqLiwjqlh6QgZzgLQ==
  dependencies:
    ieee754 "^1.1.12"
    resolve-protobuf-schema "^2.1.0"

polygon-clipping@^0.15.3:
  version "0.15.3"
  resolved "https://registry.yarnpkg.com/polygon-clipping/-/polygon-clipping-0.15.3.tgz#0215840438470ba2e9e6593625e4ea5c1087b4b7"
  integrity sha512-ho0Xx5DLkgxRx/+n4O74XyJ67DcyN3Tu9bGYKsnTukGAW6ssnuak6Mwcyb1wHy9MZc9xsUWqIoiazkZB5weECg==
  dependencies:
    splaytree "^3.1.0"

polyline-miter-util@^1.0.1:
  version "1.0.1"
  resolved "https://registry.yarnpkg.com/polyline-miter-util/-/polyline-miter-util-1.0.1.tgz#b693f2389ea0ded36a6bcf5ecd2ece4b6917d957"
  integrity sha512-/3u91zz6mBerBZo6qnOJOTjv7EfPhKtsV028jMyj86YpzLRNmCCFfrX7IO9tCEQ2W4x45yc+vKOezjf7u2Nd6Q==
  dependencies:
    gl-vec2 "^1.0.0"

potpack@^1.0.1:
  version "1.0.2"
  resolved "https://registry.yarnpkg.com/potpack/-/potpack-1.0.2.tgz#23b99e64eb74f5741ffe7656b5b5c4ddce8dfc14"
  integrity sha512-choctRBIV9EMT9WGAZHn3V7t0Z2pMQyl0EZE6pFc/6ml3ssw7Dlf/oAOvFwjm1HVsqfQN8GfeFyJ+d8tRzqueQ==

protocol-buffers-schema@^3.3.1:
  version "3.6.0"
  resolved "https://registry.yarnpkg.com/protocol-buffers-schema/-/protocol-buffers-schema-3.6.0.tgz#77bc75a48b2ff142c1ad5b5b90c94cd0fa2efd03"
  integrity sha512-TdDRD+/QNdrCGCE7v8340QyuXd4kIWIgapsE2+n/SaGiSSbomYl4TjHlvIoCWRpE7wFt02EpB35VVA2ImcBVqw==

punycode@^2.1.0:
  version "2.3.0"
  resolved "https://registry.yarnpkg.com/punycode/-/punycode-2.3.0.tgz#f67fa67c94da8f4d0cfff981aee4118064199b8f"
  integrity sha512-rRV+zQD8tVFys26lAGR9WUuS4iUAngJScM+ZRSKtvl5tKeZ2t5bvdNFdNHBW9FWR4guGHlgmsZ1G7BSm2wTbuA==

quickselect@^2.0.0:
  version "2.0.0"
  resolved "https://registry.yarnpkg.com/quickselect/-/quickselect-2.0.0.tgz#f19680a486a5eefb581303e023e98faaf25dd018"
  integrity sha512-RKJ22hX8mHe3Y6wH/N3wCM6BWtjaxIyyUIkpHOvfFnxdI4yD4tBXEBKSbriGujF6jnSVkJrffuo6vxACiSSxIw==

reflect-metadata@^0.1.13:
  version "0.1.13"
  resolved "https://registry.yarnpkg.com/reflect-metadata/-/reflect-metadata-0.1.13.tgz#67ae3ca57c972a2aa1642b10fe363fe32d49dc08"
  integrity sha512-Ts1Y/anZELhSsjMcU605fU9RE4Oi3p5ORujwbIKXfWa+0Zxs510Qrmrce5/Jowq3cHSZSJqBjypxmHarc+vEWg==

regenerator-runtime@^0.13.11:
  version "0.13.11"
  resolved "https://registry.yarnpkg.com/regenerator-runtime/-/regenerator-runtime-0.13.11.tgz#f6dca3e7ceec20590d07ada785636a90cdca17f9"
  integrity sha512-kY1AZVr2Ra+t+piVaJ4gxaFaReZVH40AKNo7UCX6W+dEwBo/2oZJzqfuN1qLq1oL45o56cPaTXELwrTh8Fpggg==

resolve-protobuf-schema@^2.1.0:
  version "2.1.0"
  resolved "https://registry.yarnpkg.com/resolve-protobuf-schema/-/resolve-protobuf-schema-2.1.0.tgz#9ca9a9e69cf192bbdaf1006ec1973948aa4a3758"
  integrity sha512-kI5ffTiZWmJaS/huM8wZfEMer1eRd7oJQhDuxeCLe3t7N7mX3z94CN0xPxBQxFYQTSNz9T0i+v6inKqSdK8xrQ==
  dependencies:
    protocol-buffers-schema "^3.3.1"

rw@1, rw@^1.3.3:
  version "1.3.3"
  resolved "https://registry.yarnpkg.com/rw/-/rw-1.3.3.tgz#3f862dfa91ab766b14885ef4d01124bfda074fb4"
  integrity sha512-PdhdWy89SiZogBLaw42zdeqtRJ//zFd2PgQavcICDUgJT5oW10QCRKbJ6bg4r0/UY2M6BWd5tkxuGFRvCkgfHQ==

"safer-buffer@>= 2.1.2 < 3":
  version "2.1.2"
  resolved "https://registry.yarnpkg.com/safer-buffer/-/safer-buffer-2.1.2.tgz#44fa161b0187b9549dd84bb91802f9bd8385cd6a"
  integrity sha512-YZo3K82SD7Riyi0E1EQPojLz7kpepnSQI9IyPbHHg1XXXevb5dJI7tpyN2ADxGcQbHG7vcyRHk0cbwqcQriUtg==

splaytree@^3.1.0:
  version "3.1.2"
  resolved "https://registry.yarnpkg.com/splaytree/-/splaytree-3.1.2.tgz#d1db2691665a3c69d630de98d55145a6546dc166"
  integrity sha512-4OM2BJgC5UzrhVnnJA4BkHKGtjXNzzUfpQjCO8I05xYPsfS/VuQDwjCGGMi8rYQilHEV4j8NBqTFbls/PZEE7A==

supercluster@^7.0.0, supercluster@^7.1.0:
  version "7.1.5"
  resolved "https://registry.yarnpkg.com/supercluster/-/supercluster-7.1.5.tgz#65a6ce4a037a972767740614c19051b64b8be5a3"
  integrity sha512-EulshI3pGUM66o6ZdH3ReiFcvHpM3vAigyK+vcxdjpJyEbIIrtbmBdY23mGgnI24uXiGFvrGq9Gkum/8U7vJWg==
  dependencies:
    kdbush "^3.0.0"

tinyqueue@^2.0.3:
  version "2.0.3"
  resolved "https://registry.yarnpkg.com/tinyqueue/-/tinyqueue-2.0.3.tgz#64d8492ebf39e7801d7bd34062e29b45b2035f08"
  integrity sha512-ppJZNDuKGgxzkHihX8v9v9G5f+18gzaTfrukGrq6ueg0lmH4nqVnA2IPG0AEH3jKEk2GRJCUhDoqpoiw3PHLBA==

tslib@^1.10.0:
  version "1.14.1"
  resolved "https://registry.npmmirror.com/tslib/-/tslib-1.14.1.tgz#cf2d38bdc34a134bcaf1091c41f6619e2f672d00"
  integrity sha512-Xni35NKzjgMrwevysHTCArtLDpPvye8zV/0E4EyYn43P7/7qvQwPh9BGkHewbMulVntbigmcT7rdX3BNo9wRJg==

tslib@^2.0.0, tslib@^2.0.3, tslib@^2.1.0, tslib@^2.3.1:
  version "2.5.0"
  resolved "https://registry.npmmirror.com/tslib/-/tslib-2.5.0.tgz#42bfed86f5787aeb41d031866c8f402429e0fddf"
  integrity sha512-336iVw3rtn2BUK7ORdIAHTyxHGRIHVReokCR3XjbckJMK7ms8FysBfhLR8IXnAgy7T0PTPNBWKiH514FOW/WSg==

uri-js@^4.2.2:
  version "4.4.1"
  resolved "https://registry.yarnpkg.com/uri-js/-/uri-js-4.4.1.tgz#9b1a52595225859e55f669d928f88c6c57f2a77e"
  integrity sha512-7rKUyy33Q1yc98pQ1DAmLtwX109F7TIfWlW1Ydo8Wl1ii1SeHieeh0HHfPeL2fMXK6z0s8ecKs9frCuLJvndBg==
  dependencies:
    punycode "^2.1.0"

viewport-mercator-project@^6.2.1:
  version "6.2.3"
  resolved "https://registry.yarnpkg.com/viewport-mercator-project/-/viewport-mercator-project-6.2.3.tgz#4122040f51ef9553fa41a46bcc6502977b3909c6"
  integrity sha512-QQb0/qCLlP4DdfbHHSWVYXpghB2wkLIiiZQnoelOB59mXKQSyZVxjreq1S+gaBJFpcGkWEcyVtre0+2y2DTl/Q==
  dependencies:
    "@babel/runtime" "^7.0.0"
    gl-matrix "^3.0.0"

vt-pbf@^3.1.1:
  version "3.1.3"
  resolved "https://registry.yarnpkg.com/vt-pbf/-/vt-pbf-3.1.3.tgz#68fd150756465e2edae1cc5c048e063916dcfaac"
  integrity sha512-2LzDFzt0mZKZ9IpVF2r69G9bXaP2Q2sArJCmcCgvfTdCCZzSyz4aCLoQyUilu37Ll56tCblIZrXFIjNUpGIlmA==
  dependencies:
    "@mapbox/point-geometry" "0.1.0"
    "@mapbox/vector-tile" "^1.3.1"
    pbf "^3.2.1"

web-worker-helper@^0.0.3:
  version "0.0.3"
  resolved "https://registry.yarnpkg.com/web-worker-helper/-/web-worker-helper-0.0.3.tgz#9ef60b9c463970dc324c381b9aaf2a22c5d0b77a"
  integrity sha512-/TllNPjGenDwjE67M16TD9ALwuY847/zIoH7r+e5rSeG4kEa3HiMTAsUDj80yzIzhtshkv215KfsnQ/RXR3nVA==
